
Microsoft Visual Studio Solution File, Format Version 12.00
# Visual Studio Version 16
VisualStudioVersion = 16.0.30907.101
MinimumVisualStudioVersion = 10.0.40219.1
Project("{FAE04EC0-301F-11D3-BF4B-00C04F79EFBC}") = "ShipBattle", "ShipBattle\ShipBattle.csproj", "{4E291926-F2FD-4318-8CDC-41E59081293C}"
EndProject
Global
	GlobalSection(SolutionConfigurationPlatforms) = preSolution
		Debug|Any CPU = Debug|Any CPU
		Release|Any CPU = Release|Any CPU
	EndGlobalSection
	GlobalSection(ProjectConfigurationPlatforms) = postSolution
		{4E291926-F2FD-4318-8CDC-41E59081293C}.Debug|Any CPU.ActiveCfg = Debug|Any CPU
		{4E291926-F2FD-4318-8CDC-41E59081293C}.Debug|Any CPU.Build.0 = Debug|Any CPU
		{4E291926-F2FD-4318-8CDC-41E59081293C}.Release|Any CPU.ActiveCfg = Release|Any CPU
		{4E291926-F2FD-4318-8CDC-41E59081293C}.Release|Any CPU.Build.0 = Release|Any CPU
	EndGlobalSection
	GlobalSection(SolutionProperties) = preSolution
		HideSolutionNode = FALSE
	EndGlobalSection
	GlobalSection(ExtensibilityGlobals) = postSolution
		SolutionGuid = {94E7971C-C9C8-45EA-9BCB-2ECC939448AD}
	EndGlobalSection
EndGlobal
